
Microsoft Visual Studio Solution File, Format Version 12.00
# Visual Studio Version 17
VisualStudioVersion = 17.1.32210.238
MinimumVisualStudioVersion = 10.0.40219.1
Project("{8BC9CEB8-8B4A-11D0-8D11-00A0C91BC942}") = "Bai_Tap_01", "Bai_Tap_01\Bai_Tap_01.vcxproj", "{06C66333-E219-4D94-A3CF-740FFAA5FFF2}"
EndProject
Project("{8BC9CEB8-8B4A-11D0-8D11-00A0C91BC942}") = "Bai_Tap_02", "Bai_Tap_02\Bai_Tap_02.vcxproj", "{1A8AA4C9-A3AD-46AE-9805-8E4FEB0B24EA}"
EndProject
Project("{8BC9CEB8-8B4A-11D0-8D11-00A0C91BC942}") = "Bai_Tap_03", "Bai_Tap_03\Bai_Tap_03.vcxproj", "{DBD627AB-5994-4734-98A1-FEC78F1D1503}"
EndProject
Project("{8BC9CEB8-8B4A-11D0-8D11-00A0C91BC942}") = "Bai_Tap_04", "Bai_Tap_04\Bai_Tap_04.vcxproj", "{3514B9EE-94E5-4082-98F0-468764CCDE05}"
EndProject
Project("{8BC9CEB8-8B4A-11D0-8D11-00A0C91BC942}") = "Bai_Tap_05", "Bai_Tap_05\Bai_Tap_05.vcxproj", "{CCFDD04E-DB19-4A27-9729-A2E5DD824577}"
EndProject
Project("{8BC9CEB8-8B4A-11D0-8D11-00A0C91BC942}") = "Bai_Tap_06", "Bai_Tap_06\Bai_Tap_06.vcxproj", "{DB377B95-07BE-4AD3-B12F-78CD89A7E5F8}"
EndProject
Project("{8BC9CEB8-8B4A-11D0-8D11-00A0C91BC942}") = "Bai_Tap_7", "Bai_Tap_7\Bai_Tap_7.vcxproj", "{39BFC1A0-0E5F-405E-BD20-6474E83D5FA2}"
EndProject
Project("{8BC9CEB8-8B4A-11D0-8D11-00A0C91BC942}") = "Bai_Tap_8", "Bai_Tap_8\Bai_Tap_8.vcxproj", "{8A09F998-0C5B-4981-A25F-2208405C9904}"
EndProject
Project("{8BC9CEB8-8B4A-11D0-8D11-00A0C91BC942}") = "Bai_Tap_9", "Bai_Tap_9\Bai_Tap_9.vcxproj", "{9B376034-8C56-4934-B9F1-FD3022950DD5}"
EndProject
Global
	GlobalSection(SolutionConfigurationPlatforms) = preSolution
		Debug|x64 = Debug|x64
		Debug|x86 = Debug|x86
		Release|x64 = Release|x64
		Release|x86 = Release|x86
	EndGlobalSection
	GlobalSection(ProjectConfigurationPlatforms) = postSolution
		{06C66333-E219-4D94-A3CF-740FFAA5FFF2}.Debug|x64.ActiveCfg = Debug|x64
		{06C66333-E219-4D94-A3CF-740FFAA5FFF2}.Debug|x64.Build.0 = Debug|x64
		{06C66333-E219-4D94-A3CF-740FFAA5FFF2}.Debug|x86.ActiveCfg = Debug|Win32
		{06C66333-E219-4D94-A3CF-740FFAA5FFF2}.Debug|x86.Build.0 = Debug|Win32
		{06C66333-E219-4D94-A3CF-740FFAA5FFF2}.Release|x64.ActiveCfg = Release|x64
		{06C66333-E219-4D94-A3CF-740FFAA5FFF2}.Release|x64.Build.0 = Release|x64
		{06C66333-E219-4D94-A3CF-740FFAA5FFF2}.Release|x86.ActiveCfg = Release|Win32
		{06C66333-E219-4D94-A3CF-740FFAA5FFF2}.Release|x86.Build.0 = Release|Win32
		{1A8AA4C9-A3AD-46AE-9805-8E4FEB0B24EA}.Debug|x64.ActiveCfg = Debug|x64
		{1A8AA4C9-A3AD-46AE-9805-8E4FEB0B24EA}.Debug|x64.Build.0 = Debug|x64
		{1A8AA4C9-A3AD-46AE-9805-8E4FEB0B24EA}.Debug|x86.ActiveCfg = Debug|Win32
		{1A8AA4C9-A3AD-46AE-9805-8E4FEB0B24EA}.Debug|x86.Build.0 = Debug|Win32
		{1A8AA4C9-A3AD-46AE-9805-8E4FEB0B24EA}.Release|x64.ActiveCfg = Release|x64
		{1A8AA4C9-A3AD-46AE-9805-8E4FEB0B24EA}.Release|x64.Build.0 = Release|x64
		{1A8AA4C9-A3AD-46AE-9805-8E4FEB0B24EA}.Release|x86.ActiveCfg = Release|Win32
		{1A8AA4C9-A3AD-46AE-9805-8E4FEB0B24EA}.Release|x86.Build.0 = Release|Win32
		{DBD627AB-5994-4734-98A1-FEC78F1D1503}.Debug|x64.ActiveCfg = Debug|x64
		{DBD627AB-5994-4734-98A1-FEC78F1D1503}.Debug|x64.Build.0 = Debug|x64
		{DBD627AB-5994-4734-98A1-FEC78F1D1503}.Debug|x86.ActiveCfg = Debug|Win32
		{DBD627AB-5994-4734-98A1-FEC78F1D1503}.Debug|x86.Build.0 = Debug|Win32
		{DBD627AB-5994-4734-98A1-FEC78F1D1503}.Release|x64.ActiveCfg = Release|x64
		{DBD627AB-5994-4734-98A1-FEC78F1D1503}.Release|x64.Build.0 = Release|x64
		{DBD627AB-5994-4734-98A1-FEC78F1D1503}.Release|x86.ActiveCfg = Release|Win32
		{DBD627AB-5994-4734-98A1-FEC78F1D1503}.Release|x86.Build.0 = Release|Win32
		{3514B9EE-94E5-4082-98F0-468764CCDE05}.Debug|x64.ActiveCfg = Debug|x64
		{3514B9EE-94E5-4082-98F0-468764CCDE05}.Debug|x64.Build.0 = Debug|x64
		{3514B9EE-94E5-4082-98F0-468764CCDE05}.Debug|x86.ActiveCfg = Debug|Win32
		{3514B9EE-94E5-4082-98F0-468764CCDE05}.Debug|x86.Build.0 = Debug|Win32
		{3514B9EE-94E5-4082-98F0-468764CCDE05}.Release|x64.ActiveCfg = Release|x64
		{3514B9EE-94E5-4082-98F0-468764CCDE05}.Release|x64.Build.0 = Release|x64
		{3514B9EE-94E5-4082-98F0-468764CCDE05}.Release|x86.ActiveCfg = Release|Win32
		{3514B9EE-94E5-4082-98F0-468764CCDE05}.Release|x86.Build.0 = Release|Win32
		{CCFDD04E-DB19-4A27-9729-A2E5DD824577}.Debug|x64.ActiveCfg = Debug|x64
		{CCFDD04E-DB19-4A27-9729-A2E5DD824577}.Debug|x64.Build.0 = Debug|x64
		{CCFDD04E-DB19-4A27-9729-A2E5DD824577}.Debug|x86.ActiveCfg = Debug|Win32
		{CCFDD04E-DB19-4A27-9729-A2E5DD824577}.Debug|x86.Build.0 = Debug|Win32
		{CCFDD04E-DB19-4A27-9729-A2E5DD824577}.Release|x64.ActiveCfg = Release|x64
		{CCFDD04E-DB19-4A27-9729-A2E5DD824577}.Release|x64.Build.0 = Release|x64
		{CCFDD04E-DB19-4A27-9729-A2E5DD824577}.Release|x86.ActiveCfg = Release|Win32
		{CCFDD04E-DB19-4A27-9729-A2E5DD824577}.Release|x86.Build.0 = Release|Win32
		{DB377B95-07BE-4AD3-B12F-78CD89A7E5F8}.Debug|x64.ActiveCfg = Debug|x64
		{DB377B95-07BE-4AD3-B12F-78CD89A7E5F8}.Debug|x64.Build.0 = Debug|x64
		{DB377B95-07BE-4AD3-B12F-78CD89A7E5F8}.Debug|x86.ActiveCfg = Debug|Win32
		{DB377B95-07BE-4AD3-B12F-78CD89A7E5F8}.Debug|x86.Build.0 = Debug|Win32
		{DB377B95-07BE-4AD3-B12F-78CD89A7E5F8}.Release|x64.ActiveCfg = Release|x64
		{DB377B95-07BE-4AD3-B12F-78CD89A7E5F8}.Release|x64.Build.0 = Release|x64
		{DB377B95-07BE-4AD3-B12F-78CD89A7E5F8}.Release|x86.ActiveCfg = Release|Win32
		{DB377B95-07BE-4AD3-B12F-78CD89A7E5F8}.Release|x86.Build.0 = Release|Win32
		{39BFC1A0-0E5F-405E-BD20-6474E83D5FA2}.Debug|x64.ActiveCfg = Debug|x64
		{39BFC1A0-0E5F-405E-BD20-6474E83D5FA2}.Debug|x64.Build.0 = Debug|x64
		{39BFC1A0-0E5F-405E-BD20-6474E83D5FA2}.Debug|x86.ActiveCfg = Debug|Win32
		{39BFC1A0-0E5F-405E-BD20-6474E83D5FA2}.Debug|x86.Build.0 = Debug|Win32
		{39BFC1A0-0E5F-405E-BD20-6474E83D5FA2}.Release|x64.ActiveCfg = Release|x64
		{39BFC1A0-0E5F-405E-BD20-6474E83D5FA2}.Release|x64.Build.0 = Release|x64
		{39BFC1A0-0E5F-405E-BD20-6474E83D5FA2}.Release|x86.ActiveCfg = Release|Win32
		{39BFC1A0-0E5F-405E-BD20-6474E83D5FA2}.Release|x86.Build.0 = Release|Win32
		{8A09F998-0C5B-4981-A25F-2208405C9904}.Debug|x64.ActiveCfg = Debug|x64
		{8A09F998-0C5B-4981-A25F-2208405C9904}.Debug|x64.Build.0 = Debug|x64
		{8A09F998-0C5B-4981-A25F-2208405C9904}.Debug|x86.ActiveCfg = Debug|Win32
		{8A09F998-0C5B-4981-A25F-2208405C9904}.Debug|x86.Build.0 = Debug|Win32
		{8A09F998-0C5B-4981-A25F-2208405C9904}.Release|x64.ActiveCfg = Release|x64
		{8A09F998-0C5B-4981-A25F-2208405C9904}.Release|x64.Build.0 = Release|x64
		{8A09F998-0C5B-4981-A25F-2208405C9904}.Release|x86.ActiveCfg = Release|Win32
		{8A09F998-0C5B-4981-A25F-2208405C9904}.Release|x86.Build.0 = Release|Win32
		{9B376034-8C56-4934-B9F1-FD3022950DD5}.Debug|x64.ActiveCfg = Debug|x64
		{9B376034-8C56-4934-B9F1-FD3022950DD5}.Debug|x64.Build.0 = Debug|x64
		{9B376034-8C56-4934-B9F1-FD3022950DD5}.Debug|x86.ActiveCfg = Debug|Win32
		{9B376034-8C56-4934-B9F1-FD3022950DD5}.Debug|x86.Build.0 = Debug|Win32
		{9B376034-8C56-4934-B9F1-FD3022950DD5}.Release|x64.ActiveCfg = Release|x64
		{9B376034-8C56-4934-B9F1-FD3022950DD5}.Release|x64.Build.0 = Release|x64
		{9B376034-8C56-4934-B9F1-FD3022950DD5}.Release|x86.ActiveCfg = Release|Win32
		{9B376034-8C56-4934-B9F1-FD3022950DD5}.Release|x86.Build.0 = Release|Win32
	EndGlobalSection
	GlobalSection(SolutionProperties) = preSolution
		HideSolutionNode = FALSE
	EndGlobalSection
	GlobalSection(ExtensibilityGlobals) = postSolution
		SolutionGuid = {5F06F35B-BB27-42BD-B5BB-1D6C13BD1448}
	EndGlobalSection
EndGlobal
